
Microsoft Visual Studio Solution File, Format Version 12.00
# Visual Studio Version 16
VisualStudioVersion = 16.0.30804.86
MinimumVisualStudioVersion = 10.0.40219.1
Project("{FAE04EC0-301F-11D3-BF4B-00C04F79EFBC}") = "Lesson-2", "Lesson-2\Lesson-2.csproj", "{5E46F453-D80E-41DA-8A15-AB95EB5C2912}"
EndProject
Global
	GlobalSection(SolutionConfigurationPlatforms) = preSolution
		Debug|Any CPU = Debug|Any CPU
		Release|Any CPU = Release|Any CPU
	EndGlobalSection
	GlobalSection(ProjectConfigurationPlatforms) = postSolution
		{5E46F453-D80E-41DA-8A15-AB95EB5C2912}.Debug|Any CPU.ActiveCfg = Debug|Any CPU
		{5E46F453-D80E-41DA-8A15-AB95EB5C2912}.Debug|Any CPU.Build.0 = Debug|Any CPU
		{5E46F453-D80E-41DA-8A15-AB95EB5C2912}.Release|Any CPU.ActiveCfg = Release|Any CPU
		{5E46F453-D80E-41DA-8A15-AB95EB5C2912}.Release|Any CPU.Build.0 = Release|Any CPU
	EndGlobalSection
	GlobalSection(SolutionProperties) = preSolution
		HideSolutionNode = FALSE
	EndGlobalSection
	GlobalSection(ExtensibilityGlobals) = postSolution
		SolutionGuid = {A46D9EC8-B540-464A-A71F-06BA7D8E6582}
	EndGlobalSection
EndGlobal
